{
  "name": "my-test-app",
  "version": "0.1.0",
  "lockfileVersion": 1,
  "requires": true,
  "dependencies": {
    "cross-port-killer": {
      "version": "1.2.1",
      "resolved": "https://registry.npmjs.org/cross-port-killer/-/cross-port-killer-1.2.1.tgz",
      "integrity": "sha512-44xPEKbWl55Imjxq5wAWqBhtZpj07OUSP32v2B+gvxyVv6SUBKDowuMCvAf2r2e+obpjpHNjpe846MTIpK2f+g==",
      "dev": true
    }
  }
}
